// !$*UTF8*$!
{
	archiveVersion = 1;
	classes = {
	};
	objectVersion = 46;
	objects = {

/* Begin PBXBuildFile section */
		0F851D5A15242E3800613504 /* UIKit.framework in Frameworks */ = {isa = PBXBuildFile; fileRef = 0F851D5915242E3800613504 /* UIKit.framework */; };
		0F851D5C15242E3800613504 /* Foundation.framework in Frameworks */ = {isa = PBXBuildFile; fileRef = 0F851D5B15242E3800613504 /* Foundation.framework */; };
		0F851D5E15242E3800613504 /* CoreGraphics.framework in Frameworks */ = {isa = PBXBuildFile; fileRef = 0F851D5D15242E3800613504 /* CoreGraphics.framework */; };
		0F851D6415242E3800613504 /* InfoPlist.strings in Resources */ = {isa = PBXBuildFile; fileRef = 0F851D6215242E3800613504 /* InfoPlist.strings */; };
		0F851D6615242E3800613504 /* main.m in Sources */ = {isa = PBXBuildFile; fileRef = 0F851D6515242E3800613504 /* main.m */; };
		0F851D6A15242E3800613504 /* March29AppDelegate.m in Sources */ = {isa = PBXBuildFile; fileRef = 0F851D6915242E3800613504 /* March29AppDelegate.m */; };
		0F851D7215242F8800613504 /* View.m in Sources */ = {isa = PBXBuildFile; fileRef = 0F851D7115242F8800613504 /* View.m */; };
/* End PBXBuildFile section */

/* Begin PBXFileReference section */
		0F851D5515242E3800613504 /* March29.app */ = {isa = PBXFileReference; explicitFileType = wrapper.application; includeInIndex = 0; path = March29.app; sourceTree = BUILT_PRODUCTS_DIR; };
		0F851D5915242E3800613504 /* UIKit.framework */ = {isa = PBXFileReference; lastKnownFileType = wrapper.framework; name = UIKit.framework; path = System/Library/Frameworks/UIKit.framework; sourceTree = SDKROOT; };
		0F851D5B15242E3800613504 /* Foundation.framework */ = {isa = PBXFileReference; lastKnownFileType = wrapper.framework; name = Foundation.framework; path = System/Library/Frameworks/Foundation.framework; sourceTree = SDKROOT; };
		0F851D5D15242E3800613504 /* CoreGraphics.framework */ = {isa = PBXFileReference; lastKnownFileType = wrapper.framework; name = CoreGraphics.framework; path = System/Library/Frameworks/CoreGraphics.framework; sourceTree = SDKROOT; };
		0F851D6115242E3800613504 /* March29-Info.plist */ = {isa = PBXFileReference; lastKnownFileType = text.plist.xml; path = "March29-Info.plist"; sourceTree = "<group>"; };
		0F851D6315242E3800613504 /* en */ = {isa = PBXFileReference; lastKnownFileType = text.plist.strings; name = en; path = en.lproj/InfoPlist.strings; sourceTree = "<group>"; };
		0F851D6515242E3800613504 /* main.m */ = {isa = PBXFileReference; lastKnownFileType = sourcecode.c.objc; path = main.m; sourceTree = "<group>"; };
		0F851D6715242E3800613504 /* March29-Prefix.pch */ = {isa = PBXFileReference; lastKnownFileType = sourcecode.c.h; path = "March29-Prefix.pch"; sourceTree = "<group>"; };
		0F851D6815242E3800613504 /* March29AppDelegate.h */ = {isa = PBXFileReference; lastKnownFileType = sourcecode.c.h; path = March29AppDelegate.h; sourceTree = "<group>"; };
		0F851D6915242E3800613504 /* March29AppDelegate.m */ = {isa = PBXFileReference; lastKnownFileType = sourcecode.c.objc; path = March29AppDelegate.m; sourceTree = "<group>"; };
		0F851D7015242F8800613504 /* View.h */ = {isa = PBXFileReference; fileEncoding = 4; lastKnownFileType = sourcecode.c.h; name = View.h; path = ../View.h; sourceTree = "<group>"; };
		0F851D7115242F8800613504 /* View.m */ = {isa = PBXFileReference; fileEncoding = 4; lastKnownFileType = sourcecode.c.objc; name = View.m; path = ../View.m; sourceTree = "<group>"; };
/* End PBXFileReference section */

/* Begin PBXFrameworksBuildPhase section */
		0F851D5215242E3800613504 /* Frameworks */ = {
			isa = PBXFrameworksBuildPhase;
			buildActionMask = 2147483647;
			files = (
				0F851D5A15242E3800613504 /* UIKit.framework in Frameworks */,
				0F851D5C15242E3800613504 /* Foundation.framework in Frameworks */,
				0F851D5E15242E3800613504 /* CoreGraphics.framework in Frameworks */,
			);
			runOnlyForDeploymentPostprocessing = 0;
		};
/* End PBXFrameworksBuildPhase section */

/* Begin PBXGroup section */
		0F851D4A15242E3800613504 = {
			isa = PBXGroup;
			children = (
				0F851D5F15242E3800613504 /* March29 */,
				0F851D5815242E3800613504 /* Frameworks */,
				0F851D5615242E3800613504 /* Products */,
			);
			sourceTree = "<group>";
		};
		0F851D5615242E3800613504 /* Products */ = {
			isa = PBXGroup;
			children = (
				0F851D5515242E3800613504 /* March29.app */,
			);
			name = Products;
			sourceTree = "<group>";
		};
		0F851D5815242E3800613504 /* Frameworks */ = {
			isa = PBXGroup;
			children = (
				0F851D5915242E3800613504 /* UIKit.framework */,
				0F851D5B15242E3800613504 /* Foundation.framework */,
				0F851D5D15242E3800613504 /* CoreGraphics.framework */,
			);
			name = Frameworks;
			sourceTree = "<group>";
		};
		0F851D5F15242E3800613504 /* March29 */ = {
			isa = PBXGroup;
			children = (
				0F851D6815242E3800613504 /* March29AppDelegate.h */,
				0F851D7015242F8800613504 /* View.h */,
				0F851D7115242F8800613504 /* View.m */,
				0F851D6915242E3800613504 /* March29AppDelegate.m */,
				0F851D6015242E3800613504 /* Supporting Files */,
			);
			path = March29;
			sourceTree = "<group>";
		};
		0F851D6015242E3800613504 /* Supporting Files */ = {
			isa = PBXGroup;
			children = (
				0F851D6115242E3800613504 /* March29-Info.plist */,
				0F851D6215242E3800613504 /* InfoPlist.strings */,
				0F851D6515242E3800613504 /* main.m */,
				0F851D6715242E3800613504 /* March29-Prefix.pch */,
			);
			name = "Supporting Files";
			sourceTree = "<group>";
		};
/* End PBXGroup section */

/* Begin PBXNativeTarget section */
		0F851D5415242E3800613504 /* March29 */ = {
			isa = PBXNativeTarget;
			buildConfigurationList = 0F851D6D15242E3800613504 /* Build configuration list for PBXNativeTarget "March29" */;
			buildPhases = (
				0F851D5115242E3800613504 /* Sources */,
				0F851D5215242E3800613504 /* Frameworks */,
				0F851D5315242E3800613504 /* Resources */,
			);
			buildRules = (
			);
			dependencies = (
			);
			name = March29;
			productName = March29;
			productReference = 0F851D5515242E3800613504 /* March29.app */;
			productType = "com.apple.product-type.application";
		};
/* End PBXNativeTarget section */

/* Begin PBXProject section */
		0F851D4C15242E3800613504 /* Project object */ = {
			isa = PBXProject;
			attributes = {
				CLASSPREFIX = March29;
				LastUpgradeCheck = 0430;
			};
			buildConfigurationList = 0F851D4F15242E3800613504 /* Build configuration list for PBXProject "March29" */;
			compatibilityVersion = "Xcode 3.2";
			developmentRegion = English;
			hasScannedForEncodings = 0;
			knownRegions = (
				en,
			);
			mainGroup = 0F851D4A15242E3800613504;
			productRefGroup = 0F851D5615242E3800613504 /* Products */;
			projectDirPath = "";
			projectRoot = "";
			targets = (
				0F851D5415242E3800613504 /* March29 */,
			);
		};
/* End PBXProject section */

/* Begin PBXResourcesBuildPhase section */
		0F851D5315242E3800613504 /* Resources */ = {
			isa = PBXResourcesBuildPhase;
			buildActionMask = 2147483647;
			files = (
				0F851D6415242E3800613504 /* InfoPlist.strings in Resources */,
			);
			runOnlyForDeploymentPostprocessing = 0;
		};
/* End PBXResourcesBuildPhase section */

/* Begin PBXSourcesBuildPhase section */
		0F851D5115242E3800613504 /* Sources */ = {
			isa = PBXSourcesBuildPhase;
			buildActionMask = 2147483647;
			files = (
				0F851D6615242E3800613504 /* main.m in Sources */,
				0F851D6A15242E3800613504 /* March29AppDelegate.m in Sources */,
				0F851D7215242F8800613504 /* View.m in Sources */,
			);
			runOnlyForDeploymentPostprocessing = 0;
		};
/* End PBXSourcesBuildPhase section */

/* Begin PBXVariantGroup section */
		0F851D6215242E3800613504 /* InfoPlist.strings */ = {
			isa = PBXVariantGroup;
			children = (
				0F851D6315242E3800613504 /* en */,
			);
			name = InfoPlist.strings;
			sourceTree = "<group>";
		};
/* End PBXVariantGroup section */

/* Begin XCBuildConfiguration section */
		0F851D6B15242E3800613504 /* Debug */ = {
			isa = XCBuildConfiguration;
			buildSettings = {
				ALWAYS_SEARCH_USER_PATHS = NO;
				ARCHS = "$(ARCHS_STANDARD_32_BIT)";
				CLANG_ENABLE_OBJC_ARC = YES;
				"CODE_SIGN_IDENTITY[sdk=iphoneos*]" = "iPhone Developer";
				COPY_PHASE_STRIP = NO;
				GCC_C_LANGUAGE_STANDARD = gnu99;
				GCC_DYNAMIC_NO_PIC = NO;
				GCC_OPTIMIZATION_LEVEL = 0;
				GCC_PREPROCESSOR_DEFINITIONS = (
					"DEBUG=1",
					"$(inherited)",
				);
				GCC_SYMBOLS_PRIVATE_EXTERN = NO;
				GCC_VERSION = com.apple.compilers.llvm.clang.1_0;
				GCC_WARN_ABOUT_RETURN_TYPE = YES;
				GCC_WARN_UNINITIALIZED_AUTOS = YES;
				GCC_WARN_UNUSED_VARIABLE = YES;
				IPHONEOS_DEPLOYMENT_TARGET = 5.1;
				SDKROOT = iphoneos;
				TARGETED_DEVICE_FAMILY = 2;
			};
			name = Debug;
		};
		0F851D6C15242E3800613504 /* Release */ = {
			isa = XCBuildConfiguration;
			buildSettings = {
				ALWAYS_SEARCH_USER_PATHS = NO;
				ARCHS = "$(ARCHS_STANDARD_32_BIT)";
				CLANG_ENABLE_OBJC_ARC = YES;
				"CODE_SIGN_IDENTITY[sdk=iphoneos*]" = "iPhone Developer";
				COPY_PHASE_STRIP = YES;
				GCC_C_LANGUAGE_STANDARD = gnu99;
				GCC_VERSION = com.apple.compilers.llvm.clang.1_0;
				GCC_WARN_ABOUT_RETURN_TYPE = YES;
				GCC_WARN_UNINITIALIZED_AUTOS = YES;
				GCC_WARN_UNUSED_VARIABLE = YES;
				IPHONEOS_DEPLOYMENT_TARGET = 5.1;
				OTHER_CFLAGS = "-DNS_BLOCK_ASSERTIONS=1";
				SDKROOT = iphoneos;
				TARGETED_DEVICE_FAMILY = 2;
				VALIDATE_PRODUCT = YES;
			};
			name = Release;
		};
		0F851D6E15242E3800613504 /* Debug */ = {
			isa = XCBuildConfiguration;
			buildSettings = {
				GCC_PRECOMPILE_PREFIX_HEADER = YES;
				GCC_PREFIX_HEADER = "March29/March29-Prefix.pch";
				INFOPLIST_FILE = "March29/March29-Info.plist";
				PRODUCT_NAME = "$(TARGET_NAME)";
				WRAPPER_EXTENSION = app;
			};
			name = Debug;
		};
		0F851D6F15242E3800613504 /* Release */ = {
			isa = XCBuildConfiguration;
			buildSettings = {
				GCC_PRECOMPILE_PREFIX_HEADER = YES;
				GCC_PREFIX_HEADER = "March29/March29-Prefix.pch";
				INFOPLIST_FILE = "March29/March29-Info.plist";
				PRODUCT_NAME = "$(TARGET_NAME)";
				WRAPPER_EXTENSION = app;
			};
			name = Release;
		};
/* End XCBuildConfiguration section */

/* Begin XCConfigurationList section */
		0F851D4F15242E3800613504 /* Build configuration list for PBXProject "March29" */ = {
			isa = XCConfigurationList;
			buildConfigurations = (
				0F851D6B15242E3800613504 /* Debug */,
				0F851D6C15242E3800613504 /* Release */,
			);
			defaultConfigurationIsVisible = 0;
			defaultConfigurationName = Release;
		};
		0F851D6D15242E3800613504 /* Build configuration list for PBXNativeTarget "March29" */ = {
			isa = XCConfigurationList;
			buildConfigurations = (
				0F851D6E15242E3800613504 /* Debug */,
				0F851D6F15242E3800613504 /* Release */,
			);
			defaultConfigurationIsVisible = 0;
		};
/* End XCConfigurationList section */
	};
	rootObject = 0F851D4C15242E3800613504 /* Project object */;
}
